
Microsoft Visual Studio Solution File, Format Version 12.00
# Visual Studio 15
VisualStudioVersion = 15.0.28307.539
MinimumVisualStudioVersion = 10.0.40219.1
Project("{FAE04EC0-301F-11D3-BF4B-00C04F79EFBC}") = "Set1_23 Clock Control", "Set1_23 Clock Control.csproj", "{5B84EB17-D58E-4E45-8384-4F5DA9DD5BEA}"
EndProject
Global
	GlobalSection(SolutionConfigurationPlatforms) = preSolution
		Debug|ARM = Debug|ARM
		Debug|ARM64 = Debug|ARM64
		Debug|x64 = Debug|x64
		Debug|x86 = Debug|x86
		Release|ARM = Release|ARM
		Release|ARM64 = Release|ARM64
		Release|x64 = Release|x64
		Release|x86 = Release|x86
	EndGlobalSection
	GlobalSection(ProjectConfigurationPlatforms) = postSolution
		{5B84EB17-D58E-4E45-8384-4F5DA9DD5BEA}.Debug|ARM.ActiveCfg = Debug|ARM
		{5B84EB17-D58E-4E45-8384-4F5DA9DD5BEA}.Debug|ARM.Build.0 = Debug|ARM
		{5B84EB17-D58E-4E45-8384-4F5DA9DD5BEA}.Debug|ARM.Deploy.0 = Debug|ARM
		{5B84EB17-D58E-4E45-8384-4F5DA9DD5BEA}.Debug|ARM64.ActiveCfg = Debug|ARM64
		{5B84EB17-D58E-4E45-8384-4F5DA9DD5BEA}.Debug|ARM64.Build.0 = Debug|ARM64
		{5B84EB17-D58E-4E45-8384-4F5DA9DD5BEA}.Debug|ARM64.Deploy.0 = Debug|ARM64
		{5B84EB17-D58E-4E45-8384-4F5DA9DD5BEA}.Debug|x64.ActiveCfg = Debug|x64
		{5B84EB17-D58E-4E45-8384-4F5DA9DD5BEA}.Debug|x64.Build.0 = Debug|x64
		{5B84EB17-D58E-4E45-8384-4F5DA9DD5BEA}.Debug|x64.Deploy.0 = Debug|x64
		{5B84EB17-D58E-4E45-8384-4F5DA9DD5BEA}.Debug|x86.ActiveCfg = Debug|x86
		{5B84EB17-D58E-4E45-8384-4F5DA9DD5BEA}.Debug|x86.Build.0 = Debug|x86
		{5B84EB17-D58E-4E45-8384-4F5DA9DD5BEA}.Debug|x86.Deploy.0 = Debug|x86
		{5B84EB17-D58E-4E45-8384-4F5DA9DD5BEA}.Release|ARM.ActiveCfg = Release|ARM
		{5B84EB17-D58E-4E45-8384-4F5DA9DD5BEA}.Release|ARM.Build.0 = Release|ARM
		{5B84EB17-D58E-4E45-8384-4F5DA9DD5BEA}.Release|ARM.Deploy.0 = Release|ARM
		{5B84EB17-D58E-4E45-8384-4F5DA9DD5BEA}.Release|ARM64.ActiveCfg = Release|ARM64
		{5B84EB17-D58E-4E45-8384-4F5DA9DD5BEA}.Release|ARM64.Build.0 = Release|ARM64
		{5B84EB17-D58E-4E45-8384-4F5DA9DD5BEA}.Release|ARM64.Deploy.0 = Release|ARM64
		{5B84EB17-D58E-4E45-8384-4F5DA9DD5BEA}.Release|x64.ActiveCfg = Release|x64
		{5B84EB17-D58E-4E45-8384-4F5DA9DD5BEA}.Release|x64.Build.0 = Release|x64
		{5B84EB17-D58E-4E45-8384-4F5DA9DD5BEA}.Release|x64.Deploy.0 = Release|x64
		{5B84EB17-D58E-4E45-8384-4F5DA9DD5BEA}.Release|x86.ActiveCfg = Release|x86
		{5B84EB17-D58E-4E45-8384-4F5DA9DD5BEA}.Release|x86.Build.0 = Release|x86
		{5B84EB17-D58E-4E45-8384-4F5DA9DD5BEA}.Release|x86.Deploy.0 = Release|x86
	EndGlobalSection
	GlobalSection(SolutionProperties) = preSolution
		HideSolutionNode = FALSE
	EndGlobalSection
	GlobalSection(ExtensibilityGlobals) = postSolution
		SolutionGuid = {91197537-432D-4CD8-8025-952C1A49C0AE}
	EndGlobalSection
EndGlobal
