
Microsoft Visual Studio Solution File, Format Version 12.00
# Visual Studio 15
VisualStudioVersion = 15.0.28307.539
MinimumVisualStudioVersion = 10.0.40219.1
Project("{FAE04EC0-301F-11D3-BF4B-00C04F79EFBC}") = "Set1_21 Custom Button", "Set1_21 Custom Button.csproj", "{E7C63F30-703A-4FE1-BBC9-44EA041E37F8}"
EndProject
Global
	GlobalSection(SolutionConfigurationPlatforms) = preSolution
		Debug|ARM = Debug|ARM
		Debug|ARM64 = Debug|ARM64
		Debug|x64 = Debug|x64
		Debug|x86 = Debug|x86
		Release|ARM = Release|ARM
		Release|ARM64 = Release|ARM64
		Release|x64 = Release|x64
		Release|x86 = Release|x86
	EndGlobalSection
	GlobalSection(ProjectConfigurationPlatforms) = postSolution
		{E7C63F30-703A-4FE1-BBC9-44EA041E37F8}.Debug|ARM.ActiveCfg = Debug|ARM
		{E7C63F30-703A-4FE1-BBC9-44EA041E37F8}.Debug|ARM.Build.0 = Debug|ARM
		{E7C63F30-703A-4FE1-BBC9-44EA041E37F8}.Debug|ARM.Deploy.0 = Debug|ARM
		{E7C63F30-703A-4FE1-BBC9-44EA041E37F8}.Debug|ARM64.ActiveCfg = Debug|ARM64
		{E7C63F30-703A-4FE1-BBC9-44EA041E37F8}.Debug|ARM64.Build.0 = Debug|ARM64
		{E7C63F30-703A-4FE1-BBC9-44EA041E37F8}.Debug|ARM64.Deploy.0 = Debug|ARM64
		{E7C63F30-703A-4FE1-BBC9-44EA041E37F8}.Debug|x64.ActiveCfg = Debug|x64
		{E7C63F30-703A-4FE1-BBC9-44EA041E37F8}.Debug|x64.Build.0 = Debug|x64
		{E7C63F30-703A-4FE1-BBC9-44EA041E37F8}.Debug|x64.Deploy.0 = Debug|x64
		{E7C63F30-703A-4FE1-BBC9-44EA041E37F8}.Debug|x86.ActiveCfg = Debug|x86
		{E7C63F30-703A-4FE1-BBC9-44EA041E37F8}.Debug|x86.Build.0 = Debug|x86
		{E7C63F30-703A-4FE1-BBC9-44EA041E37F8}.Debug|x86.Deploy.0 = Debug|x86
		{E7C63F30-703A-4FE1-BBC9-44EA041E37F8}.Release|ARM.ActiveCfg = Release|ARM
		{E7C63F30-703A-4FE1-BBC9-44EA041E37F8}.Release|ARM.Build.0 = Release|ARM
		{E7C63F30-703A-4FE1-BBC9-44EA041E37F8}.Release|ARM.Deploy.0 = Release|ARM
		{E7C63F30-703A-4FE1-BBC9-44EA041E37F8}.Release|ARM64.ActiveCfg = Release|ARM64
		{E7C63F30-703A-4FE1-BBC9-44EA041E37F8}.Release|ARM64.Build.0 = Release|ARM64
		{E7C63F30-703A-4FE1-BBC9-44EA041E37F8}.Release|ARM64.Deploy.0 = Release|ARM64
		{E7C63F30-703A-4FE1-BBC9-44EA041E37F8}.Release|x64.ActiveCfg = Release|x64
		{E7C63F30-703A-4FE1-BBC9-44EA041E37F8}.Release|x64.Build.0 = Release|x64
		{E7C63F30-703A-4FE1-BBC9-44EA041E37F8}.Release|x64.Deploy.0 = Release|x64
		{E7C63F30-703A-4FE1-BBC9-44EA041E37F8}.Release|x86.ActiveCfg = Release|x86
		{E7C63F30-703A-4FE1-BBC9-44EA041E37F8}.Release|x86.Build.0 = Release|x86
		{E7C63F30-703A-4FE1-BBC9-44EA041E37F8}.Release|x86.Deploy.0 = Release|x86
	EndGlobalSection
	GlobalSection(SolutionProperties) = preSolution
		HideSolutionNode = FALSE
	EndGlobalSection
	GlobalSection(ExtensibilityGlobals) = postSolution
		SolutionGuid = {FCBEB35C-A97A-45BD-83E4-5D3B37E5B407}
	EndGlobalSection
EndGlobal
